<Solution>
  <Folder Name="/Task0/">
    <Project Path="Tyuiu.ShahurinRA.Sprint1.Task0.V28.Lib/Tyuiu.ShahurinRA.Sprint1.Task0.V28.Lib.csproj" />
    <Project Path="Tyuiu.ShahurinRA.Sprint1.Task0.V28.Test/Tyuiu.ShahurinRA.Sprint1.Task0.V28.Test.csproj" />
    <Project Path="Tyuiu.ShahurinRA.Sprint1.Task0.V28/Tyuiu.ShahurinRA.Sprint1.Task0.V28.csproj" />
  </Folder>
</Solution>
