<Solution>
  <Folder Name="/Task0/">
    <Project Path="Tyuiu.ShahurinRA.Sprint1.Task0.V0.Lib/Tyuiu.ShahurinRA.Sprint1.Task0.V0.Lib.csproj" />
    <Project Path="Tyuiu.ShahurinRA.Sprint1.Task0.V0.Test/Tyuiu.ShahurinRA.Sprint1.Task0.V0.Test.csproj" />
    <Project Path="Tyuiu.ShahurinRA.Sprint1.Task0.V0/Tyuiu.ShahurinRA.Sprint1.Task0.V0.csproj" />
  </Folder>
</Solution>
